
Microsoft Visual Studio Solution File, Format Version 12.00
# Visual Studio Version 17
VisualStudioVersion = 17.8.34309.116
MinimumVisualStudioVersion = 10.0.40219.1
Project("{FAE04EC0-301F-11D3-BF4B-00C04F79EFBC}") = "Proba1", "Proba1\Proba1.csproj", "{5BA77A65-CCC6-4306-B165-A7EF1C28F871}"
EndProject
Global
	GlobalSection(SolutionConfigurationPlatforms) = preSolution
		Debug|Any CPU = Debug|Any CPU
		Release|Any CPU = Release|Any CPU
	EndGlobalSection
	GlobalSection(ProjectConfigurationPlatforms) = postSolution
		{5BA77A65-CCC6-4306-B165-A7EF1C28F871}.Debug|Any CPU.ActiveCfg = Debug|Any CPU
		{5BA77A65-CCC6-4306-B165-A7EF1C28F871}.Debug|Any CPU.Build.0 = Debug|Any CPU
		{5BA77A65-CCC6-4306-B165-A7EF1C28F871}.Release|Any CPU.ActiveCfg = Release|Any CPU
		{5BA77A65-CCC6-4306-B165-A7EF1C28F871}.Release|Any CPU.Build.0 = Release|Any CPU
	EndGlobalSection
	GlobalSection(SolutionProperties) = preSolution
		HideSolutionNode = FALSE
	EndGlobalSection
	GlobalSection(ExtensibilityGlobals) = postSolution
		SolutionGuid = {9E19FF37-65AC-43D1-845C-48C53B248168}
	EndGlobalSection
EndGlobal
